# This file is automatically @generated by Poetry 2.1.4 and should not be changed by hand.

[[package]]
name = "dependency-injector"
version = "4.48.2"
description = "Dependency injection framework for Python"
optional = false
python-versions = ">=3.8"
groups = ["main"]
files = [
    {file = "dependency_injector-4.48.2-cp310-abi3-macosx_11_0_arm64.whl", hash = "sha256:54d0178be10f17b768afb5c0ed1c5c565abaa2d097b2bc5a529a31c580613df2"},
    {file = "dependency_injector-4.48.2-cp310-abi3-manylinux1_x86_64.manylinux_2_28_x86_64.manylinux_2_5_x86_64.whl", hash = "sha256:12a15979fd534b728b3061c8aa52fd55adb77574758817daae9df8a1c2eb830b"},
    {file = "dependency_injector-4.48.2-cp310-abi3-manylinux2014_aarch64.manylinux_2_17_aarch64.manylinux_2_28_aarch64.whl", hash = "sha256:85cdf4b423884d4a24a18b970abe73352fb210761302cd6b5ebc6e9a20dbe53f"},
    {file = "dependency_injector-4.48.2-cp310-abi3-musllinux_1_2_aarch64.whl", hash = "sha256:a9b457b95a400b7a2de0978a55768cdd104bd265953bf0ed06e7f25d18f35ed2"},
    {file = "dependency_injector-4.48.2-cp310-abi3-musllinux_1_2_x86_64.whl", hash = "sha256:417809f565c39800adb744d666dfe4d94eae510b73ec33f932d592415d7c46d0"},
    {file = "dependency_injector-4.48.2-cp310-abi3-win32.whl", hash = "sha256:f014aa7bab427932802d59967d9fe0863a0001db66446177dcc62e47f3a6b234"},
    {file = "dependency_injector-4.48.2-cp310-abi3-win_amd64.whl", hash = "sha256:e3fcdeb8189f3e1f87fde9276061f8a6cc596c2fa139bc4b4d1f571035ebd645"},
    {file = "dependency_injector-4.48.2-cp38-cp38-macosx_11_0_arm64.whl", hash = "sha256:dd99287ef31fe41cc1fecd5336f10255f3aca3a6a64f3f8a9ac1f0d37e1a23f2"},
    {file = "dependency_injector-4.48.2-cp38-cp38-manylinux2014_aarch64.manylinux_2_17_aarch64.manylinux_2_28_aarch64.whl", hash = "sha256:390c6d675eec5a515e1a617af1eb20fd2abf6a12b6b16b1635067b0c341aa602"},
    {file = "dependency_injector-4.48.2-cp38-cp38-manylinux2014_x86_64.manylinux_2_17_x86_64.manylinux_2_28_x86_64.whl", hash = "sha256:1d64c9d70a75120554e6451ab62a1baf4f80e0d8894f89e4fbd9da9e7ed60577"},
    {file = "dependency_injector-4.48.2-cp38-cp38-musllinux_1_2_aarch64.whl", hash = "sha256:20156ef8192780286600c760330d7d280aedf8154d667855efa8e3dcec3ad6dc"},
    {file = "dependency_injector-4.48.2-cp38-cp38-musllinux_1_2_x86_64.whl", hash = "sha256:9822e112d73dec40d29b12aee1869587e45a6de9dd9a2f90b184d42b7cdcc5a0"},
    {file = "dependency_injector-4.48.2-cp38-cp38-win32.whl", hash = "sha256:9747a8ef5939f54ec2437fde2d7bf593e63d09c7e9404753d81917ce6efa350d"},
    {file = "dependency_injector-4.48.2-cp38-cp38-win_amd64.whl", hash = "sha256:e4f52d6c1ffb23b683babb5a544cd369967d0852b83f34611ec094a00ee6e078"},
    {file = "dependency_injector-4.48.2-cp39-cp39-macosx_11_0_arm64.whl", hash = "sha256:02618868c87e11b4a09ce49981faf340813726589e54d8f623094e144856d31c"},
    {file = "dependency_injector-4.48.2-cp39-cp39-manylinux2014_aarch64.manylinux_2_17_aarch64.manylinux_2_28_aarch64.whl", hash = "sha256:ec7166e70b8f0fcfd1259f22a6e85f58305736e760701fd48c767d398d154cc8"},
    {file = "dependency_injector-4.48.2-cp39-cp39-manylinux2014_x86_64.manylinux_2_17_x86_64.manylinux_2_28_x86_64.whl", hash = "sha256:65492bda0217c7fad304ce57be19711252f7440f8f72b77f01fc396148192360"},
    {file = "dependency_injector-4.48.2-cp39-cp39-musllinux_1_2_aarch64.whl", hash = "sha256:9c22aba674451f45993b026de83e8a4854d7927589158fe85d063dcda7f49141"},
    {file = "dependency_injector-4.48.2-cp39-cp39-musllinux_1_2_x86_64.whl", hash = "sha256:d860c71bc3245046214b77da38451edbfa52fd91399cd07fe325227d5cf98eec"},
    {file = "dependency_injector-4.48.2-cp39-cp39-win32.whl", hash = "sha256:8691d46941f222d625c19eaa455d06d1b7d8c05f145e4f35a66b0ccead2719f3"},
    {file = "dependency_injector-4.48.2-cp39-cp39-win_amd64.whl", hash = "sha256:82c733ce660f061a39e951e9035a016bef22540e907e69ccd4d253a70c714d0b"},
    {file = "dependency_injector-4.48.2-pp310-pypy310_pp73-macosx_11_0_arm64.whl", hash = "sha256:f2e3df258cb3ca59f40fffb9c88677cc9dde3f3cdd0f8fc706cf88dad2ac2736"},
    {file = "dependency_injector-4.48.2-pp310-pypy310_pp73-manylinux1_x86_64.manylinux_2_28_x86_64.manylinux_2_5_x86_64.whl", hash = "sha256:65d990ca81c8ec213e0b4b10c8e7c46caa69887502e5fc3ced7bcb04ad75ebdf"},
    {file = "dependency_injector-4.48.2-pp310-pypy310_pp73-manylinux2014_aarch64.manylinux_2_17_aarch64.manylinux_2_28_aarch64.whl", hash = "sha256:f026957ba99997a9566cb846804ec712c67428a8041d93bf2e2966ed4a4d7dfc"},
    {file = "dependency_injector-4.48.2-pp310-pypy310_pp73-win_amd64.whl", hash = "sha256:5e8773d3d2298c4ad446a57168e108dc9e46bdb62a5bc369ca553a14d9d239a1"},
    {file = "dependency_injector-4.48.2-pp311-pypy311_pp73-macosx_11_0_arm64.whl", hash = "sha256:174b117a7a5a28d45c004a3242b28184db12f9818ff4ea8d0cebc230bb5f7b65"},
    {file = "dependency_injector-4.48.2-pp311-pypy311_pp73-manylinux1_x86_64.manylinux_2_28_x86_64.manylinux_2_5_x86_64.whl", hash = "sha256:8eed93fa25368be43bc3486bddedcc5ad0a62e0a9a441d060eb80ae7980416b0"},
    {file = "dependency_injector-4.48.2-pp311-pypy311_pp73-manylinux2014_aarch64.manylinux_2_17_aarch64.manylinux_2_28_aarch64.whl", hash = "sha256:85368f039e7fbef1d5f38f8ba42eca28b950288dc72aca13534ed4b3e96ee8cf"},
    {file = "dependency_injector-4.48.2-pp311-pypy311_pp73-win_amd64.whl", hash = "sha256:05ff29398e23a08e840c9a89a0b516d988b337a38534d33791857bd1defd2d23"},
    {file = "dependency_injector-4.48.2.tar.gz", hash = "sha256:9ce6089d75a5dd0b6191a243f41d2c2746802bb39550ad431242c15136fefd60"},
]

[package.dependencies]
typing-extensions = {version = "*", markers = "python_version < \"3.11\""}

[package.extras]
aiohttp = ["aiohttp"]
flask = ["flask"]
pydantic = ["pydantic"]
pydantic2 = ["pydantic-settings"]
yaml = ["pyyaml"]

[[package]]
name = "typing-extensions"
version = "4.15.0"
description = "Backported and Experimental Type Hints for Python 3.9+"
optional = false
python-versions = ">=3.9"
groups = ["main"]
files = [
    {file = "typing_extensions-4.15.0-py3-none-any.whl", hash = "sha256:f0fa19c6845758ab08074a0cfa8b7aecb71c999ca73d62883bc25cc018c4e548"},
    {file = "typing_extensions-4.15.0.tar.gz", hash = "sha256:0cea48d173cc12fa28ecabc3b837ea3cf6f38c6d1136f85cbaaf598984861466"},
]

[metadata]
lock-version = "2.1"
python-versions = ">=3.9,<3.10"
content-hash = "0865b7c16113a02b0c0573ef480e5337f46d9eec85de7d779c9ce68a2645a631"
